schema: '2.0'
stages:
  data_ingestion:
    cmd: python src/data/data_ingestion.py
    deps:
    - path: src/data/data_ingestion.py
      hash: md5
      md5: 6cd33c339b8f595e341ac35c6b01eaff
      size: 3648
    params:
      params.yaml:
        data_ingestion.frac: 1
        data_ingestion.random_state: 42
        data_ingestion.test_size: 0.2
    outs:
    - path: data/external
      hash: md5
      md5: 0b8c38a1cea64dbc72688837dfcb40f1.dir
      size: 8915443
      nfiles: 2
  data_preprocessing:
    cmd: python src/data/data_preprocessing.py
    deps:
    - path: data/external
      hash: md5
      md5: 0b8c38a1cea64dbc72688837dfcb40f1.dir
      size: 8915443
      nfiles: 2
    - path: src/data/data_preprocessing.py
      hash: md5
      md5: fd16903fe447700c927eee41c0a97936
      size: 3057
    outs:
    - path: data/interim
      hash: md5
      md5: f1498e5af69e002cd0384dbc02e4074a.dir
      size: 5513390
      nfiles: 2
  feature_engineering:
    cmd: python src/features/feature_engineering.py
    deps:
    - path: data/interim
      hash: md5
      md5: f1498e5af69e002cd0384dbc02e4074a.dir
      size: 5513390
      nfiles: 2
    - path: src/features/feature_engineering.py
      hash: md5
      md5: 3123c2f35d014a5d483153cd8547c07b
      size: 3646
    params:
      params.yaml:
        feature_engineering.max_features: 500
    outs:
    - path: data/processed
      hash: md5
      md5: be8548795044940e40b17ab0e8b36548.dir
      size: 5718542
      nfiles: 2
    - path: models/vectorizer.pkl
      hash: md5
      md5: 6ba4db2f2445d65dfb26f687f397df7f
      size: 14441
  model_building:
    cmd: python src/models/model_building.py
    deps:
    - path: data/processed
      hash: md5
      md5: be8548795044940e40b17ab0e8b36548.dir
      size: 5718542
      nfiles: 2
    - path: src/models/model_building.py
      hash: md5
      md5: e0030f13f95cceb0d8d729bcf5c49dfb
      size: 2715
    params:
      params.yaml:
        model_building.min_samples_split: 2
        model_building.n_estimators: 300
    outs:
    - path: models/model.pkl
      hash: md5
      md5: be5df6140fc82b13cf6f0decb5701094
      size: 14850468
